
Microsoft Visual Studio Solution File, Format Version 12.00
# Visual Studio Version 17
VisualStudioVersion = 17.8.34330.188
MinimumVisualStudioVersion = 10.0.40219.1
Project("{FAE04EC0-301F-11D3-BF4B-00C04F79EFBC}") = "School data", "School data\School data.csproj", "{7ED51E65-7416-4549-8B2A-61A197B830E5}"
EndProject
Global
	GlobalSection(SolutionConfigurationPlatforms) = preSolution
		Debug|Any CPU = Debug|Any CPU
		Release|Any CPU = Release|Any CPU
	EndGlobalSection
	GlobalSection(ProjectConfigurationPlatforms) = postSolution
		{7ED51E65-7416-4549-8B2A-61A197B830E5}.Debug|Any CPU.ActiveCfg = Debug|Any CPU
		{7ED51E65-7416-4549-8B2A-61A197B830E5}.Debug|Any CPU.Build.0 = Debug|Any CPU
		{7ED51E65-7416-4549-8B2A-61A197B830E5}.Release|Any CPU.ActiveCfg = Release|Any CPU
		{7ED51E65-7416-4549-8B2A-61A197B830E5}.Release|Any CPU.Build.0 = Release|Any CPU
	EndGlobalSection
	GlobalSection(SolutionProperties) = preSolution
		HideSolutionNode = FALSE
	EndGlobalSection
	GlobalSection(ExtensibilityGlobals) = postSolution
		SolutionGuid = {762BCEED-B4DE-482B-B45A-715219B1DE06}
	EndGlobalSection
EndGlobal
